// !$*UTF8*$!
{
	archiveVersion = 1;
	classes = {
	};
	objectVersion = 50;
	objects = {

/* Begin PBXBuildFile section */
		65340D5F2078138500F88460 /* AppDelegate.swift in Sources */ = {isa = PBXBuildFile; fileRef = 65340D5E2078138500F88460 /* AppDelegate.swift */; };
		65340D612078138500F88460 /* ViewController.swift in Sources */ = {isa = PBXBuildFile; fileRef = 65340D602078138500F88460 /* ViewController.swift */; };
		65340D642078138500F88460 /* Main.storyboard in Resources */ = {isa = PBXBuildFile; fileRef = 65340D622078138500F88460 /* Main.storyboard */; };
		65340D662078138600F88460 /* Assets.xcassets in Resources */ = {isa = PBXBuildFile; fileRef = 65340D652078138600F88460 /* Assets.xcassets */; };
		65340D692078138600F88460 /* LaunchScreen.storyboard in Resources */ = {isa = PBXBuildFile; fileRef = 65340D672078138600F88460 /* LaunchScreen.storyboard */; };
		65340D742078138600F88460 /* PicnicTests.swift in Sources */ = {isa = PBXBuildFile; fileRef = 65340D732078138600F88460 /* PicnicTests.swift */; };
		65340D7F2078138600F88460 /* PicnicUITests.swift in Sources */ = {isa = PBXBuildFile; fileRef = 65340D7E2078138600F88460 /* PicnicUITests.swift */; };
/* End PBXBuildFile section */

/* Begin PBXContainerItemProxy section */
		65340D702078138600F88460 /* PBXContainerItemProxy */ = {
			isa = PBXContainerItemProxy;
			containerPortal = 65340D532078138400F88460 /* Project object */;
			proxyType = 1;
			remoteGlobalIDString = 65340D5A2078138500F88460;
			remoteInfo = Picnic;
		};
		65340D7B2078138600F88460 /* PBXContainerItemProxy */ = {
			isa = PBXContainerItemProxy;
			containerPortal = 65340D532078138400F88460 /* Project object */;
			proxyType = 1;
			remoteGlobalIDString = 65340D5A2078138500F88460;
			remoteInfo = Picnic;
		};
/* End PBXContainerItemProxy section */

/* Begin PBXFileReference section */
		65340D5B2078138500F88460 /* Picnic.app */ = {isa = PBXFileReference; explicitFileType = wrapper.application; includeInIndex = 0; path = Picnic.app; sourceTree = BUILT_PRODUCTS_DIR; };
		65340D5E2078138500F88460 /* AppDelegate.swift */ = {isa = PBXFileReference; lastKnownFileType = sourcecode.swift; path = AppDelegate.swift; sourceTree = "<group>"; };
		65340D602078138500F88460 /* ViewController.swift */ = {isa = PBXFileReference; lastKnownFileType = sourcecode.swift; path = ViewController.swift; sourceTree = "<group>"; };
		65340D632078138500F88460 /* Base */ = {isa = PBXFileReference; lastKnownFileType = file.storyboard; name = Base; path = Base.lproj/Main.storyboard; sourceTree = "<group>"; };
		65340D652078138600F88460 /* Assets.xcassets */ = {isa = PBXFileReference; lastKnownFileType = folder.assetcatalog; path = Assets.xcassets; sourceTree = "<group>"; };
		65340D682078138600F88460 /* Base */ = {isa = PBXFileReference; lastKnownFileType = file.storyboard; name = Base; path = Base.lproj/LaunchScreen.storyboard; sourceTree = "<group>"; };
		65340D6A2078138600F88460 /* Info.plist */ = {isa = PBXFileReference; lastKnownFileType = text.plist.xml; path = Info.plist; sourceTree = "<group>"; };
		65340D6F2078138600F88460 /* PicnicTests.xctest */ = {isa = PBXFileReference; explicitFileType = wrapper.cfbundle; includeInIndex = 0; path = PicnicTests.xctest; sourceTree = BUILT_PRODUCTS_DIR; };
		65340D732078138600F88460 /* PicnicTests.swift */ = {isa = PBXFileReference; lastKnownFileType = sourcecode.swift; path = PicnicTests.swift; sourceTree = "<group>"; };
		65340D752078138600F88460 /* Info.plist */ = {isa = PBXFileReference; lastKnownFileType = text.plist.xml; path = Info.plist; sourceTree = "<group>"; };
		65340D7A2078138600F88460 /* PicnicUITests.xctest */ = {isa = PBXFileReference; explicitFileType = wrapper.cfbundle; includeInIndex = 0; path = PicnicUITests.xctest; sourceTree = BUILT_PRODUCTS_DIR; };
		65340D7E2078138600F88460 /* PicnicUITests.swift */ = {isa = PBXFileReference; lastKnownFileType = sourcecode.swift; path = PicnicUITests.swift; sourceTree = "<group>"; };
		65340D802078138600F88460 /* Info.plist */ = {isa = PBXFileReference; lastKnownFileType = text.plist.xml; path = Info.plist; sourceTree = "<group>"; };
/* End PBXFileReference section */

/* Begin PBXFrameworksBuildPhase section */
		65340D582078138500F88460 /* Frameworks */ = {
			isa = PBXFrameworksBuildPhase;
			buildActionMask = 2147483647;
			files = (
			);
			runOnlyForDeploymentPostprocessing = 0;
		};
		65340D6C2078138600F88460 /* Frameworks */ = {
			isa = PBXFrameworksBuildPhase;
			buildActionMask = 2147483647;
			files = (
			);
			runOnlyForDeploymentPostprocessing = 0;
		};
		65340D772078138600F88460 /* Frameworks */ = {
			isa = PBXFrameworksBuildPhase;
			buildActionMask = 2147483647;
			files = (
			);
			runOnlyForDeploymentPostprocessing = 0;
		};
/* End PBXFrameworksBuildPhase section */

/* Begin PBXGroup section */
		65340D522078138400F88460 = {
			isa = PBXGroup;
			children = (
				65340D5D2078138500F88460 /* Picnic */,
				65340D722078138600F88460 /* PicnicTests */,
				65340D7D2078138600F88460 /* PicnicUITests */,
				65340D5C2078138500F88460 /* Products */,
			);
			sourceTree = "<group>";
		};
		65340D5C2078138500F88460 /* Products */ = {
			isa = PBXGroup;
			children = (
				65340D5B2078138500F88460 /* Picnic.app */,
				65340D6F2078138600F88460 /* PicnicTests.xctest */,
				65340D7A2078138600F88460 /* PicnicUITests.xctest */,
			);
			name = Products;
			sourceTree = "<group>";
		};
		65340D5D2078138500F88460 /* Picnic */ = {
			isa = PBXGroup;
			children = (
				65340D5E2078138500F88460 /* AppDelegate.swift */,
				65340D602078138500F88460 /* ViewController.swift */,
				65340D622078138500F88460 /* Main.storyboard */,
				65340D652078138600F88460 /* Assets.xcassets */,
				65340D672078138600F88460 /* LaunchScreen.storyboard */,
				65340D6A2078138600F88460 /* Info.plist */,
			);
			path = Picnic;
			sourceTree = "<group>";
		};
		65340D722078138600F88460 /* PicnicTests */ = {
			isa = PBXGroup;
			children = (
				65340D732078138600F88460 /* PicnicTests.swift */,
				65340D752078138600F88460 /* Info.plist */,
			);
			path = PicnicTests;
			sourceTree = "<group>";
		};
		65340D7D2078138600F88460 /* PicnicUITests */ = {
			isa = PBXGroup;
			children = (
				65340D7E2078138600F88460 /* PicnicUITests.swift */,
				65340D802078138600F88460 /* Info.plist */,
			);
			path = PicnicUITests;
			sourceTree = "<group>";
		};
/* End PBXGroup section */

/* Begin PBXNativeTarget section */
		65340D5A2078138500F88460 /* Picnic */ = {
			isa = PBXNativeTarget;
			buildConfigurationList = 65340D832078138600F88460 /* Build configuration list for PBXNativeTarget "Picnic" */;
			buildPhases = (
				65340D572078138500F88460 /* Sources */,
				65340D582078138500F88460 /* Frameworks */,
				65340D592078138500F88460 /* Resources */,
			);
			buildRules = (
			);
			dependencies = (
			);
			name = Picnic;
			productName = Picnic;
			productReference = 65340D5B2078138500F88460 /* Picnic.app */;
			productType = "com.apple.product-type.application";
		};
		65340D6E2078138600F88460 /* PicnicTests */ = {
			isa = PBXNativeTarget;
			buildConfigurationList = 65340D862078138600F88460 /* Build configuration list for PBXNativeTarget "PicnicTests" */;
			buildPhases = (
				65340D6B2078138600F88460 /* Sources */,
				65340D6C2078138600F88460 /* Frameworks */,
				65340D6D2078138600F88460 /* Resources */,
			);
			buildRules = (
			);
			dependencies = (
				65340D712078138600F88460 /* PBXTargetDependency */,
			);
			name = PicnicTests;
			productName = PicnicTests;
			productReference = 65340D6F2078138600F88460 /* PicnicTests.xctest */;
			productType = "com.apple.product-type.bundle.unit-test";
		};
		65340D792078138600F88460 /* PicnicUITests */ = {
			isa = PBXNativeTarget;
			buildConfigurationList = 65340D892078138600F88460 /* Build configuration list for PBXNativeTarget "PicnicUITests" */;
			buildPhases = (
				65340D762078138600F88460 /* Sources */,
				65340D772078138600F88460 /* Frameworks */,
				65340D782078138600F88460 /* Resources */,
			);
			buildRules = (
			);
			dependencies = (
				65340D7C2078138600F88460 /* PBXTargetDependency */,
			);
			name = PicnicUITests;
			productName = PicnicUITests;
			productReference = 65340D7A2078138600F88460 /* PicnicUITests.xctest */;
			productType = "com.apple.product-type.bundle.ui-testing";
		};
/* End PBXNativeTarget section */

/* Begin PBXProject section */
		65340D532078138400F88460 /* Project object */ = {
			isa = PBXProject;
			attributes = {
				LastSwiftUpdateCheck = 0930;
				LastUpgradeCheck = 0930;
				ORGANIZATIONNAME = "Blau Magier";
				TargetAttributes = {
					65340D5A2078138500F88460 = {
						CreatedOnToolsVersion = 9.3;
					};
					65340D6E2078138600F88460 = {
						CreatedOnToolsVersion = 9.3;
						TestTargetID = 65340D5A2078138500F88460;
					};
					65340D792078138600F88460 = {
						CreatedOnToolsVersion = 9.3;
						TestTargetID = 65340D5A2078138500F88460;
					};
				};
			};
			buildConfigurationList = 65340D562078138400F88460 /* Build configuration list for PBXProject "Picnic" */;
			compatibilityVersion = "Xcode 9.3";
			developmentRegion = en;
			hasScannedForEncodings = 0;
			knownRegions = (
				en,
				Base,
			);
			mainGroup = 65340D522078138400F88460;
			productRefGroup = 65340D5C2078138500F88460 /* Products */;
			projectDirPath = "";
			projectRoot = "";
			targets = (
				65340D5A2078138500F88460 /* Picnic */,
				65340D6E2078138600F88460 /* PicnicTests */,
				65340D792078138600F88460 /* PicnicUITests */,
			);
		};
/* End PBXProject section */

/* Begin PBXResourcesBuildPhase section */
		65340D592078138500F88460 /* Resources */ = {
			isa = PBXResourcesBuildPhase;
			buildActionMask = 2147483647;
			files = (
				65340D692078138600F88460 /* LaunchScreen.storyboard in Resources */,
				65340D662078138600F88460 /* Assets.xcassets in Resources */,
				65340D642078138500F88460 /* Main.storyboard in Resources */,
			);
			runOnlyForDeploymentPostprocessing = 0;
		};
		65340D6D2078138600F88460 /* Resources */ = {
			isa = PBXResourcesBuildPhase;
			buildActionMask = 2147483647;
			files = (
			);
			runOnlyForDeploymentPostprocessing = 0;
		};
		65340D782078138600F88460 /* Resources */ = {
			isa = PBXResourcesBuildPhase;
			buildActionMask = 2147483647;
			files = (
			);
			runOnlyForDeploymentPostprocessing = 0;
		};
/* End PBXResourcesBuildPhase section */

/* Begin PBXSourcesBuildPhase section */
		65340D572078138500F88460 /* Sources */ = {
			isa = PBXSourcesBuildPhase;
			buildActionMask = 2147483647;
			files = (
				65340D612078138500F88460 /* ViewController.swift in Sources */,
				65340D5F2078138500F88460 /* AppDelegate.swift in Sources */,
			);
			runOnlyForDeploymentPostprocessing = 0;
		};
		65340D6B2078138600F88460 /* Sources */ = {
			isa = PBXSourcesBuildPhase;
			buildActionMask = 2147483647;
			files = (
				65340D742078138600F88460 /* PicnicTests.swift in Sources */,
			);
			runOnlyForDeploymentPostprocessing = 0;
		};
		65340D762078138600F88460 /* Sources */ = {
			isa = PBXSourcesBuildPhase;
			buildActionMask = 2147483647;
			files = (
				65340D7F2078138600F88460 /* PicnicUITests.swift in Sources */,
			);
			runOnlyForDeploymentPostprocessing = 0;
		};
/* End PBXSourcesBuildPhase section */

/* Begin PBXTargetDependency section */
		65340D712078138600F88460 /* PBXTargetDependency */ = {
			isa = PBXTargetDependency;
			target = 65340D5A2078138500F88460 /* Picnic */;
			targetProxy = 65340D702078138600F88460 /* PBXContainerItemProxy */;
		};
		65340D7C2078138600F88460 /* PBXTargetDependency */ = {
			isa = PBXTargetDependency;
			target = 65340D5A2078138500F88460 /* Picnic */;
			targetProxy = 65340D7B2078138600F88460 /* PBXContainerItemProxy */;
		};
/* End PBXTargetDependency section */

/* Begin PBXVariantGroup section */
		65340D622078138500F88460 /* Main.storyboard */ = {
			isa = PBXVariantGroup;
			children = (
				65340D632078138500F88460 /* Base */,
			);
			name = Main.storyboard;
			sourceTree = "<group>";
		};
		65340D672078138600F88460 /* LaunchScreen.storyboard */ = {
			isa = PBXVariantGroup;
			children = (
				65340D682078138600F88460 /* Base */,
			);
			name = LaunchScreen.storyboard;
			sourceTree = "<group>";
		};
/* End PBXVariantGroup section */

/* Begin XCBuildConfiguration section */
		65340D812078138600F88460 /* Debug */ = {
			isa = XCBuildConfiguration;
			buildSettings = {
				ALWAYS_SEARCH_USER_PATHS = NO;
				CLANG_ANALYZER_NONNULL = YES;
				CLANG_ANALYZER_NUMBER_OBJECT_CONVERSION = YES_AGGRESSIVE;
				CLANG_CXX_LANGUAGE_STANDARD = "gnu++14";
				CLANG_CXX_LIBRARY = "libc++";
				CLANG_ENABLE_MODULES = YES;
				CLANG_ENABLE_OBJC_ARC = YES;
				CLANG_ENABLE_OBJC_WEAK = YES;
				CLANG_WARN_BLOCK_CAPTURE_AUTORELEASING = YES;
				CLANG_WARN_BOOL_CONVERSION = YES;
				CLANG_WARN_COMMA = YES;
				CLANG_WARN_CONSTANT_CONVERSION = YES;
				CLANG_WARN_DEPRECATED_OBJC_IMPLEMENTATIONS = YES;
				CLANG_WARN_DIRECT_OBJC_ISA_USAGE = YES_ERROR;
				CLANG_WARN_DOCUMENTATION_COMMENTS = YES;
				CLANG_WARN_EMPTY_BODY = YES;
				CLANG_WARN_ENUM_CONVERSION = YES;
				CLANG_WARN_INFINITE_RECURSION = YES;
				CLANG_WARN_INT_CONVERSION = YES;
				CLANG_WARN_NON_LITERAL_NULL_CONVERSION = YES;
				CLANG_WARN_OBJC_IMPLICIT_RETAIN_SELF = YES;
				CLANG_WARN_OBJC_LITERAL_CONVERSION = YES;
				CLANG_WARN_OBJC_ROOT_CLASS = YES_ERROR;
				CLANG_WARN_RANGE_LOOP_ANALYSIS = YES;
				CLANG_WARN_STRICT_PROTOTYPES = YES;
				CLANG_WARN_SUSPICIOUS_MOVE = YES;
				CLANG_WARN_UNGUARDED_AVAILABILITY = YES_AGGRESSIVE;
				CLANG_WARN_UNREACHABLE_CODE = YES;
				CLANG_WARN__DUPLICATE_METHOD_MATCH = YES;
				CODE_SIGN_IDENTITY = "iPhone Developer";
				COPY_PHASE_STRIP = NO;
				DEBUG_INFORMATION_FORMAT = dwarf;
				ENABLE_STRICT_OBJC_MSGSEND = YES;
				ENABLE_TESTABILITY = YES;
				GCC_C_LANGUAGE_STANDARD = gnu11;
				GCC_DYNAMIC_NO_PIC = NO;
				GCC_NO_COMMON_BLOCKS = YES;
				GCC_OPTIMIZATION_LEVEL = 0;
				GCC_PREPROCESSOR_DEFINITIONS = (
					"DEBUG=1",
					"$(inherited)",
				);
				GCC_WARN_64_TO_32_BIT_CONVERSION = YES;
				GCC_WARN_ABOUT_RETURN_TYPE = YES_ERROR;
				GCC_WARN_UNDECLARED_SELECTOR = YES;
				GCC_WARN_UNINITIALIZED_AUTOS = YES_AGGRESSIVE;
				GCC_WARN_UNUSED_FUNCTION = YES;
				GCC_WARN_UNUSED_VARIABLE = YES;
				IPHONEOS_DEPLOYMENT_TARGET = 11.3;
				MTL_ENABLE_DEBUG_INFO = YES;
				ONLY_ACTIVE_ARCH = YES;
				SDKROOT = iphoneos;
				SWIFT_ACTIVE_COMPILATION_CONDITIONS = DEBUG;
				SWIFT_OPTIMIZATION_LEVEL = "-Onone";
			};
			name = Debug;
		};
		65340D822078138600F88460 /* Release */ = {
			isa = XCBuildConfiguration;
			buildSettings = {
				ALWAYS_SEARCH_USER_PATHS = NO;
				CLANG_ANALYZER_NONNULL = YES;
				CLANG_ANALYZER_NUMBER_OBJECT_CONVERSION = YES_AGGRESSIVE;
				CLANG_CXX_LANGUAGE_STANDARD = "gnu++14";
				CLANG_CXX_LIBRARY = "libc++";
				CLANG_ENABLE_MODULES = YES;
				CLANG_ENABLE_OBJC_ARC = YES;
				CLANG_ENABLE_OBJC_WEAK = YES;
				CLANG_WARN_BLOCK_CAPTURE_AUTORELEASING = YES;
				CLANG_WARN_BOOL_CONVERSION = YES;
				CLANG_WARN_COMMA = YES;
				CLANG_WARN_CONSTANT_CONVERSION = YES;
				CLANG_WARN_DEPRECATED_OBJC_IMPLEMENTATIONS = YES;
				CLANG_WARN_DIRECT_OBJC_ISA_USAGE = YES_ERROR;
				CLANG_WARN_DOCUMENTATION_COMMENTS = YES;
				CLANG_WARN_EMPTY_BODY = YES;
				CLANG_WARN_ENUM_CONVERSION = YES;
				CLANG_WARN_INFINITE_RECURSION = YES;
				CLANG_WARN_INT_CONVERSION = YES;
				CLANG_WARN_NON_LITERAL_NULL_CONVERSION = YES;
				CLANG_WARN_OBJC_IMPLICIT_RETAIN_SELF = YES;
				CLANG_WARN_OBJC_LITERAL_CONVERSION = YES;
				CLANG_WARN_OBJC_ROOT_CLASS = YES_ERROR;
				CLANG_WARN_RANGE_LOOP_ANALYSIS = YES;
				CLANG_WARN_STRICT_PROTOTYPES = YES;
				CLANG_WARN_SUSPICIOUS_MOVE = YES;
				CLANG_WARN_UNGUARDED_AVAILABILITY = YES_AGGRESSIVE;
				CLANG_WARN_UNREACHABLE_CODE = YES;
				CLANG_WARN__DUPLICATE_METHOD_MATCH = YES;
				CODE_SIGN_IDENTITY = "iPhone Developer";
				COPY_PHASE_STRIP = NO;
				DEBUG_INFORMATION_FORMAT = "dwarf-with-dsym";
				ENABLE_NS_ASSERTIONS = NO;
				ENABLE_STRICT_OBJC_MSGSEND = YES;
				GCC_C_LANGUAGE_STANDARD = gnu11;
				GCC_NO_COMMON_BLOCKS = YES;
				GCC_WARN_64_TO_32_BIT_CONVERSION = YES;
				GCC_WARN_ABOUT_RETURN_TYPE = YES_ERROR;
				GCC_WARN_UNDECLARED_SELECTOR = YES;
				GCC_WARN_UNINITIALIZED_AUTOS = YES_AGGRESSIVE;
				GCC_WARN_UNUSED_FUNCTION = YES;
				GCC_WARN_UNUSED_VARIABLE = YES;
				IPHONEOS_DEPLOYMENT_TARGET = 11.3;
				MTL_ENABLE_DEBUG_INFO = NO;
				SDKROOT = iphoneos;
				SWIFT_COMPILATION_MODE = wholemodule;
				SWIFT_OPTIMIZATION_LEVEL = "-O";
				VALIDATE_PRODUCT = YES;
			};
			name = Release;
		};
		65340D842078138600F88460 /* Debug */ = {
			isa = XCBuildConfiguration;
			buildSettings = {
				ASSETCATALOG_COMPILER_APPICON_NAME = AppIcon;
				CODE_SIGN_STYLE = Automatic;
				DEVELOPMENT_TEAM = ZJ769HHQS2;
				INFOPLIST_FILE = Picnic/Info.plist;
				LD_RUNPATH_SEARCH_PATHS = (
					"$(inherited)",
					"@executable_path/Frameworks",
				);
				PRODUCT_BUNDLE_IDENTIFIER = com.BlauMagier.Picnic;
				PRODUCT_NAME = "$(TARGET_NAME)";
				SWIFT_VERSION = 4.0;
				TARGETED_DEVICE_FAMILY = "1,2";
			};
			name = Debug;
		};
		65340D852078138600F88460 /* Release */ = {
			isa = XCBuildConfiguration;
			buildSettings = {
				ASSETCATALOG_COMPILER_APPICON_NAME = AppIcon;
				CODE_SIGN_STYLE = Automatic;
				DEVELOPMENT_TEAM = ZJ769HHQS2;
				INFOPLIST_FILE = Picnic/Info.plist;
				LD_RUNPATH_SEARCH_PATHS = (
					"$(inherited)",
					"@executable_path/Frameworks",
				);
				PRODUCT_BUNDLE_IDENTIFIER = com.BlauMagier.Picnic;
				PRODUCT_NAME = "$(TARGET_NAME)";
				SWIFT_VERSION = 4.0;
				TARGETED_DEVICE_FAMILY = "1,2";
			};
			name = Release;
		};
		65340D872078138600F88460 /* Debug */ = {
			isa = XCBuildConfiguration;
			buildSettings = {
				ALWAYS_EMBED_SWIFT_STANDARD_LIBRARIES = YES;
				BUNDLE_LOADER = "$(TEST_HOST)";
				CODE_SIGN_STYLE = Automatic;
				DEVELOPMENT_TEAM = ZJ769HHQS2;
				INFOPLIST_FILE = PicnicTests/Info.plist;
				LD_RUNPATH_SEARCH_PATHS = (
					"$(inherited)",
					"@executable_path/Frameworks",
					"@loader_path/Frameworks",
				);
				PRODUCT_BUNDLE_IDENTIFIER = com.BlauMagier.PicnicTests;
				PRODUCT_NAME = "$(TARGET_NAME)";
				SWIFT_VERSION = 4.0;
				TARGETED_DEVICE_FAMILY = "1,2";
				TEST_HOST = "$(BUILT_PRODUCTS_DIR)/Picnic.app/Picnic";
			};
			name = Debug;
		};
		65340D882078138600F88460 /* Release */ = {
			isa = XCBuildConfiguration;
			buildSettings = {
				ALWAYS_EMBED_SWIFT_STANDARD_LIBRARIES = YES;
				BUNDLE_LOADER = "$(TEST_HOST)";
				CODE_SIGN_STYLE = Automatic;
				DEVELOPMENT_TEAM = ZJ769HHQS2;
				INFOPLIST_FILE = PicnicTests/Info.plist;
				LD_RUNPATH_SEARCH_PATHS = (
					"$(inherited)",
					"@executable_path/Frameworks",
					"@loader_path/Frameworks",
				);
				PRODUCT_BUNDLE_IDENTIFIER = com.BlauMagier.PicnicTests;
				PRODUCT_NAME = "$(TARGET_NAME)";
				SWIFT_VERSION = 4.0;
				TARGETED_DEVICE_FAMILY = "1,2";
				TEST_HOST = "$(BUILT_PRODUCTS_DIR)/Picnic.app/Picnic";
			};
			name = Release;
		};
		65340D8A2078138600F88460 /* Debug */ = {
			isa = XCBuildConfiguration;
			buildSettings = {
				ALWAYS_EMBED_SWIFT_STANDARD_LIBRARIES = YES;
				CODE_SIGN_STYLE = Automatic;
				DEVELOPMENT_TEAM = ZJ769HHQS2;
				INFOPLIST_FILE = PicnicUITests/Info.plist;
				LD_RUNPATH_SEARCH_PATHS = (
					"$(inherited)",
					"@executable_path/Frameworks",
					"@loader_path/Frameworks",
				);
				PRODUCT_BUNDLE_IDENTIFIER = com.BlauMagier.PicnicUITests;
				PRODUCT_NAME = "$(TARGET_NAME)";
				SWIFT_VERSION = 4.0;
				TARGETED_DEVICE_FAMILY = "1,2";
				TEST_TARGET_NAME = Picnic;
			};
			name = Debug;
		};
		65340D8B2078138600F88460 /* Release */ = {
			isa = XCBuildConfiguration;
			buildSettings = {
				ALWAYS_EMBED_SWIFT_STANDARD_LIBRARIES = YES;
				CODE_SIGN_STYLE = Automatic;
				DEVELOPMENT_TEAM = ZJ769HHQS2;
				INFOPLIST_FILE = PicnicUITests/Info.plist;
				LD_RUNPATH_SEARCH_PATHS = (
					"$(inherited)",
					"@executable_path/Frameworks",
					"@loader_path/Frameworks",
				);
				PRODUCT_BUNDLE_IDENTIFIER = com.BlauMagier.PicnicUITests;
				PRODUCT_NAME = "$(TARGET_NAME)";
				SWIFT_VERSION = 4.0;
				TARGETED_DEVICE_FAMILY = "1,2";
				TEST_TARGET_NAME = Picnic;
			};
			name = Release;
		};
/* End XCBuildConfiguration section */

/* Begin XCConfigurationList section */
		65340D562078138400F88460 /* Build configuration list for PBXProject "Picnic" */ = {
			isa = XCConfigurationList;
			buildConfigurations = (
				65340D812078138600F88460 /* Debug */,
				65340D822078138600F88460 /* Release */,
			);
			defaultConfigurationIsVisible = 0;
			defaultConfigurationName = Release;
		};
		65340D832078138600F88460 /* Build configuration list for PBXNativeTarget "Picnic" */ = {
			isa = XCConfigurationList;
			buildConfigurations = (
				65340D842078138600F88460 /* Debug */,
				65340D852078138600F88460 /* Release */,
			);
			defaultConfigurationIsVisible = 0;
			defaultConfigurationName = Release;
		};
		65340D862078138600F88460 /* Build configuration list for PBXNativeTarget "PicnicTests" */ = {
			isa = XCConfigurationList;
			buildConfigurations = (
				65340D872078138600F88460 /* Debug */,
				65340D882078138600F88460 /* Release */,
			);
			defaultConfigurationIsVisible = 0;
			defaultConfigurationName = Release;
		};
		65340D892078138600F88460 /* Build configuration list for PBXNativeTarget "PicnicUITests" */ = {
			isa = XCConfigurationList;
			buildConfigurations = (
				65340D8A2078138600F88460 /* Debug */,
				65340D8B2078138600F88460 /* Release */,
			);
			defaultConfigurationIsVisible = 0;
			defaultConfigurationName = Release;
		};
/* End XCConfigurationList section */
	};
	rootObject = 65340D532078138400F88460 /* Project object */;
}
